
Microsoft Visual Studio Solution File, Format Version 12.00
# Visual Studio 15
VisualStudioVersion = 15.0.27703.2018
MinimumVisualStudioVersion = 10.0.40219.1
Project("{9A19103F-16F7-4668-BE54-9A1E7A4F7556}") = "AnnouncingDotvvm.StaticCommands", "AnnouncingDotvvm.StaticCommands\AnnouncingDotvvm.StaticCommands.csproj", "{CA911D83-3596-4407-BF7F-1322CA17A559}"
EndProject
Project("{FAE04EC0-301F-11D3-BF4B-00C04F79EFBC}") = "AnnouncingDotvvm.Postbacks", "AnnouncingDotvvm.Postbacks\AnnouncingDotvvm.Postbacks.csproj", "{12620E3D-987F-4580-8B2B-CBB6DD902B58}"
EndProject
Project("{FAE04EC0-301F-11D3-BF4B-00C04F79EFBC}") = "AnnouncingDotvvm.OtherFeatures", "AnnouncingDotvvm.OtherFeatures\AnnouncingDotvvm.OtherFeatures.csproj", "{8CF0E786-A33F-4BDC-AD09-0117DFEFFEF5}"
EndProject
Project("{FAE04EC0-301F-11D3-BF4B-00C04F79EFBC}") = "AnnouncingDotvvm.EmbeddedControls", "AnnouncingDotvvm.EmbeddedControls\AnnouncingDotvvm.EmbeddedControls.csproj", "{DBA21FFB-A171-4CD7-917C-05A51B9FE7AD}"
EndProject
Global
	GlobalSection(SolutionConfigurationPlatforms) = preSolution
		Debug|Any CPU = Debug|Any CPU
		Release|Any CPU = Release|Any CPU
	EndGlobalSection
	GlobalSection(ProjectConfigurationPlatforms) = postSolution
		{CA911D83-3596-4407-BF7F-1322CA17A559}.Debug|Any CPU.ActiveCfg = Debug|Any CPU
		{CA911D83-3596-4407-BF7F-1322CA17A559}.Debug|Any CPU.Build.0 = Debug|Any CPU
		{CA911D83-3596-4407-BF7F-1322CA17A559}.Release|Any CPU.ActiveCfg = Release|Any CPU
		{CA911D83-3596-4407-BF7F-1322CA17A559}.Release|Any CPU.Build.0 = Release|Any CPU
		{12620E3D-987F-4580-8B2B-CBB6DD902B58}.Debug|Any CPU.ActiveCfg = Debug|Any CPU
		{12620E3D-987F-4580-8B2B-CBB6DD902B58}.Debug|Any CPU.Build.0 = Debug|Any CPU
		{12620E3D-987F-4580-8B2B-CBB6DD902B58}.Release|Any CPU.ActiveCfg = Release|Any CPU
		{12620E3D-987F-4580-8B2B-CBB6DD902B58}.Release|Any CPU.Build.0 = Release|Any CPU
		{8CF0E786-A33F-4BDC-AD09-0117DFEFFEF5}.Debug|Any CPU.ActiveCfg = Debug|Any CPU
		{8CF0E786-A33F-4BDC-AD09-0117DFEFFEF5}.Debug|Any CPU.Build.0 = Debug|Any CPU
		{8CF0E786-A33F-4BDC-AD09-0117DFEFFEF5}.Release|Any CPU.ActiveCfg = Release|Any CPU
		{8CF0E786-A33F-4BDC-AD09-0117DFEFFEF5}.Release|Any CPU.Build.0 = Release|Any CPU
		{DBA21FFB-A171-4CD7-917C-05A51B9FE7AD}.Debug|Any CPU.ActiveCfg = Debug|Any CPU
		{DBA21FFB-A171-4CD7-917C-05A51B9FE7AD}.Debug|Any CPU.Build.0 = Debug|Any CPU
		{DBA21FFB-A171-4CD7-917C-05A51B9FE7AD}.Release|Any CPU.ActiveCfg = Release|Any CPU
		{DBA21FFB-A171-4CD7-917C-05A51B9FE7AD}.Release|Any CPU.Build.0 = Release|Any CPU
	EndGlobalSection
	GlobalSection(SolutionProperties) = preSolution
		HideSolutionNode = FALSE
	EndGlobalSection
	GlobalSection(ExtensibilityGlobals) = postSolution
		SolutionGuid = {9491ACDB-2C1A-48B8-9AC4-E29A87796B14}
	EndGlobalSection
EndGlobal
